
Microsoft Visual Studio Solution File, Format Version 12.00
# Visual Studio 15
VisualStudioVersion = 15.0.28307.1000
MinimumVisualStudioVersion = 10.0.40219.1
Project("{FAE04EC0-301F-11D3-BF4B-00C04F79EFBC}") = "WebApplication1", "WebApplication1\WebApplication1.csproj", "{DBAEA800-60D9-4FCC-8C3A-EBE9AC46999D}"
EndProject
Global
	GlobalSection(SolutionConfigurationPlatforms) = preSolution
		Debug|Any CPU = Debug|Any CPU
		Release|Any CPU = Release|Any CPU
	EndGlobalSection
	GlobalSection(ProjectConfigurationPlatforms) = postSolution
		{DBAEA800-60D9-4FCC-8C3A-EBE9AC46999D}.Debug|Any CPU.ActiveCfg = Debug|Any CPU
		{DBAEA800-60D9-4FCC-8C3A-EBE9AC46999D}.Debug|Any CPU.Build.0 = Debug|Any CPU
		{DBAEA800-60D9-4FCC-8C3A-EBE9AC46999D}.Release|Any CPU.ActiveCfg = Release|Any CPU
		{DBAEA800-60D9-4FCC-8C3A-EBE9AC46999D}.Release|Any CPU.Build.0 = Release|Any CPU
	EndGlobalSection
	GlobalSection(SolutionProperties) = preSolution
		HideSolutionNode = FALSE
	EndGlobalSection
	GlobalSection(ExtensibilityGlobals) = postSolution
		SolutionGuid = {2ACDE44B-C92D-4E06-B42A-3D5AC6BAFCAB}
	EndGlobalSection
EndGlobal
